// !$*UTF8*$!
{
	archiveVersion = 1;
	classes = {
	};
	objectVersion = 56;
	objects = {

/* Begin PBXBuildFile section */
		EA2C291C2C6B84B2005065F1 /* HomeFile.swift in Sources */ = {isa = PBXBuildFile; fileRef = EA2C291B2C6B84B2005065F1 /* HomeFile.swift */; };
		EAC2EFDA2C6B82D500D9277C /* AppDelegate.swift in Sources */ = {isa = PBXBuildFile; fileRef = EAC2EFD92C6B82D500D9277C /* AppDelegate.swift */; };
		EAC2EFDC2C6B82D500D9277C /* SceneDelegate.swift in Sources */ = {isa = PBXBuildFile; fileRef = EAC2EFDB2C6B82D500D9277C /* SceneDelegate.swift */; };
		EAC2EFDE2C6B82D500D9277C /* ViewController.swift in Sources */ = {isa = PBXBuildFile; fileRef = EAC2EFDD2C6B82D500D9277C /* ViewController.swift */; };
		EAC2EFE12C6B82D500D9277C /* Base in Resources */ = {isa = PBXBuildFile; fileRef = EAC2EFE02C6B82D500D9277C /* Base */; };
		EAC2EFE32C6B82D600D9277C /* Assets.xcassets in Resources */ = {isa = PBXBuildFile; fileRef = EAC2EFE22C6B82D600D9277C /* Assets.xcassets */; };
		EAC2EFE62C6B82D600D9277C /* Base in Resources */ = {isa = PBXBuildFile; fileRef = EAC2EFE52C6B82D600D9277C /* Base */; };
/* End PBXBuildFile section */

/* Begin PBXFileReference section */
		EA2C291B2C6B84B2005065F1 /* HomeFile.swift */ = {isa = PBXFileReference; lastKnownFileType = sourcecode.swift; path = HomeFile.swift; sourceTree = "<group>"; };
		EAC2EFD62C6B82D500D9277C /* CustomXcodeTemplateExample.app */ = {isa = PBXFileReference; explicitFileType = wrapper.application; includeInIndex = 0; path = CustomXcodeTemplateExample.app; sourceTree = BUILT_PRODUCTS_DIR; };
		EAC2EFD92C6B82D500D9277C /* AppDelegate.swift */ = {isa = PBXFileReference; lastKnownFileType = sourcecode.swift; path = AppDelegate.swift; sourceTree = "<group>"; };
		EAC2EFDB2C6B82D500D9277C /* SceneDelegate.swift */ = {isa = PBXFileReference; lastKnownFileType = sourcecode.swift; path = SceneDelegate.swift; sourceTree = "<group>"; };
		EAC2EFDD2C6B82D500D9277C /* ViewController.swift */ = {isa = PBXFileReference; lastKnownFileType = sourcecode.swift; path = ViewController.swift; sourceTree = "<group>"; };
		EAC2EFE02C6B82D500D9277C /* Base */ = {isa = PBXFileReference; lastKnownFileType = file.storyboard; name = Base; path = Base.lproj/Main.storyboard; sourceTree = "<group>"; };
		EAC2EFE22C6B82D600D9277C /* Assets.xcassets */ = {isa = PBXFileReference; lastKnownFileType = folder.assetcatalog; path = Assets.xcassets; sourceTree = "<group>"; };
		EAC2EFE52C6B82D600D9277C /* Base */ = {isa = PBXFileReference; lastKnownFileType = file.storyboard; name = Base; path = Base.lproj/LaunchScreen.storyboard; sourceTree = "<group>"; };
		EAC2EFE72C6B82D600D9277C /* Info.plist */ = {isa = PBXFileReference; lastKnownFileType = text.plist.xml; path = Info.plist; sourceTree = "<group>"; };
/* End PBXFileReference section */

/* Begin PBXFrameworksBuildPhase section */
		EAC2EFD32C6B82D500D9277C /* Frameworks */ = {
			isa = PBXFrameworksBuildPhase;
			buildActionMask = 2147483647;
			files = (
			);
			runOnlyForDeploymentPostprocessing = 0;
		};
/* End PBXFrameworksBuildPhase section */

/* Begin PBXGroup section */
		EAC2EFCD2C6B82D500D9277C = {
			isa = PBXGroup;
			children = (
				EAC2EFD82C6B82D500D9277C /* CustomXcodeTemplateExample */,
				EAC2EFD72C6B82D500D9277C /* Products */,
			);
			sourceTree = "<group>";
		};
		EAC2EFD72C6B82D500D9277C /* Products */ = {
			isa = PBXGroup;
			children = (
				EAC2EFD62C6B82D500D9277C /* CustomXcodeTemplateExample.app */,
			);
			name = Products;
			sourceTree = "<group>";
		};
		EAC2EFD82C6B82D500D9277C /* CustomXcodeTemplateExample */ = {
			isa = PBXGroup;
			children = (
				EAC2EFD92C6B82D500D9277C /* AppDelegate.swift */,
				EAC2EFDB2C6B82D500D9277C /* SceneDelegate.swift */,
				EAC2EFDD2C6B82D500D9277C /* ViewController.swift */,
				EAC2EFDF2C6B82D500D9277C /* Main.storyboard */,
				EAC2EFE22C6B82D600D9277C /* Assets.xcassets */,
				EAC2EFE42C6B82D600D9277C /* LaunchScreen.storyboard */,
				EAC2EFE72C6B82D600D9277C /* Info.plist */,
				EA2C291B2C6B84B2005065F1 /* HomeFile.swift */,
			);
			path = CustomXcodeTemplateExample;
			sourceTree = "<group>";
		};
/* End PBXGroup section */

/* Begin PBXNativeTarget section */
		EAC2EFD52C6B82D500D9277C /* CustomXcodeTemplateExample */ = {
			isa = PBXNativeTarget;
			buildConfigurationList = EAC2EFEA2C6B82D600D9277C /* Build configuration list for PBXNativeTarget "CustomXcodeTemplateExample" */;
			buildPhases = (
				EAC2EFD22C6B82D500D9277C /* Sources */,
				EAC2EFD32C6B82D500D9277C /* Frameworks */,
				EAC2EFD42C6B82D500D9277C /* Resources */,
			);
			buildRules = (
			);
			dependencies = (
			);
			name = CustomXcodeTemplateExample;
			productName = CustomXcodeTemplateExample;
			productReference = EAC2EFD62C6B82D500D9277C /* CustomXcodeTemplateExample.app */;
			productType = "com.apple.product-type.application";
		};
/* End PBXNativeTarget section */

/* Begin PBXProject section */
		EAC2EFCE2C6B82D500D9277C /* Project object */ = {
			isa = PBXProject;
			attributes = {
				BuildIndependentTargetsInParallel = 1;
				LastSwiftUpdateCheck = 1530;
				LastUpgradeCheck = 1530;
				TargetAttributes = {
					EAC2EFD52C6B82D500D9277C = {
						CreatedOnToolsVersion = 15.3;
					};
				};
			};
			buildConfigurationList = EAC2EFD12C6B82D500D9277C /* Build configuration list for PBXProject "CustomXcodeTemplateExample" */;
			compatibilityVersion = "Xcode 14.0";
			developmentRegion = en;
			hasScannedForEncodings = 0;
			knownRegions = (
				en,
				Base,
			);
			mainGroup = EAC2EFCD2C6B82D500D9277C;
			productRefGroup = EAC2EFD72C6B82D500D9277C /* Products */;
			projectDirPath = "";
			projectRoot = "";
			targets = (
				EAC2EFD52C6B82D500D9277C /* CustomXcodeTemplateExample */,
			);
		};
/* End PBXProject section */

/* Begin PBXResourcesBuildPhase section */
		EAC2EFD42C6B82D500D9277C /* Resources */ = {
			isa = PBXResourcesBuildPhase;
			buildActionMask = 2147483647;
			files = (
				EAC2EFE32C6B82D600D9277C /* Assets.xcassets in Resources */,
				EAC2EFE62C6B82D600D9277C /* Base in Resources */,
				EAC2EFE12C6B82D500D9277C /* Base in Resources */,
			);
			runOnlyForDeploymentPostprocessing = 0;
		};
/* End PBXResourcesBuildPhase section */

/* Begin PBXSourcesBuildPhase section */
		EAC2EFD22C6B82D500D9277C /* Sources */ = {
			isa = PBXSourcesBuildPhase;
			buildActionMask = 2147483647;
			files = (
				EAC2EFDE2C6B82D500D9277C /* ViewController.swift in Sources */,
				EAC2EFDA2C6B82D500D9277C /* AppDelegate.swift in Sources */,
				EA2C291C2C6B84B2005065F1 /* HomeFile.swift in Sources */,
				EAC2EFDC2C6B82D500D9277C /* SceneDelegate.swift in Sources */,
			);
			runOnlyForDeploymentPostprocessing = 0;
		};
/* End PBXSourcesBuildPhase section */

/* Begin PBXVariantGroup section */
		EAC2EFDF2C6B82D500D9277C /* Main.storyboard */ = {
			isa = PBXVariantGroup;
			children = (
				EAC2EFE02C6B82D500D9277C /* Base */,
			);
			name = Main.storyboard;
			sourceTree = "<group>";
		};
		EAC2EFE42C6B82D600D9277C /* LaunchScreen.storyboard */ = {
			isa = PBXVariantGroup;
			children = (
				EAC2EFE52C6B82D600D9277C /* Base */,
			);
			name = LaunchScreen.storyboard;
			sourceTree = "<group>";
		};
/* End PBXVariantGroup section */

/* Begin XCBuildConfiguration section */
		EAC2EFE82C6B82D600D9277C /* Debug */ = {
			isa = XCBuildConfiguration;
			buildSettings = {
				ALWAYS_SEARCH_USER_PATHS = NO;
				ASSETCATALOG_COMPILER_GENERATE_SWIFT_ASSET_SYMBOL_EXTENSIONS = YES;
				CLANG_ANALYZER_NONNULL = YES;
				CLANG_ANALYZER_NUMBER_OBJECT_CONVERSION = YES_AGGRESSIVE;
				CLANG_CXX_LANGUAGE_STANDARD = "gnu++20";
				CLANG_ENABLE_MODULES = YES;
				CLANG_ENABLE_OBJC_ARC = YES;
				CLANG_ENABLE_OBJC_WEAK = YES;
				CLANG_WARN_BLOCK_CAPTURE_AUTORELEASING = YES;
				CLANG_WARN_BOOL_CONVERSION = YES;
				CLANG_WARN_COMMA = YES;
				CLANG_WARN_CONSTANT_CONVERSION = YES;
				CLANG_WARN_DEPRECATED_OBJC_IMPLEMENTATIONS = YES;
				CLANG_WARN_DIRECT_OBJC_ISA_USAGE = YES_ERROR;
				CLANG_WARN_DOCUMENTATION_COMMENTS = YES;
				CLANG_WARN_EMPTY_BODY = YES;
				CLANG_WARN_ENUM_CONVERSION = YES;
				CLANG_WARN_INFINITE_RECURSION = YES;
				CLANG_WARN_INT_CONVERSION = YES;
				CLANG_WARN_NON_LITERAL_NULL_CONVERSION = YES;
				CLANG_WARN_OBJC_IMPLICIT_RETAIN_SELF = YES;
				CLANG_WARN_OBJC_LITERAL_CONVERSION = YES;
				CLANG_WARN_OBJC_ROOT_CLASS = YES_ERROR;
				CLANG_WARN_QUOTED_INCLUDE_IN_FRAMEWORK_HEADER = YES;
				CLANG_WARN_RANGE_LOOP_ANALYSIS = YES;
				CLANG_WARN_STRICT_PROTOTYPES = YES;
				CLANG_WARN_SUSPICIOUS_MOVE = YES;
				CLANG_WARN_UNGUARDED_AVAILABILITY = YES_AGGRESSIVE;
				CLANG_WARN_UNREACHABLE_CODE = YES;
				CLANG_WARN__DUPLICATE_METHOD_MATCH = YES;
				COPY_PHASE_STRIP = NO;
				DEBUG_INFORMATION_FORMAT = dwarf;
				ENABLE_STRICT_OBJC_MSGSEND = YES;
				ENABLE_TESTABILITY = YES;
				ENABLE_USER_SCRIPT_SANDBOXING = YES;
				GCC_C_LANGUAGE_STANDARD = gnu17;
				GCC_DYNAMIC_NO_PIC = NO;
				GCC_NO_COMMON_BLOCKS = YES;
				GCC_OPTIMIZATION_LEVEL = 0;
				GCC_PREPROCESSOR_DEFINITIONS = (
					"DEBUG=1",
					"$(inherited)",
				);
				GCC_WARN_64_TO_32_BIT_CONVERSION = YES;
				GCC_WARN_ABOUT_RETURN_TYPE = YES_ERROR;
				GCC_WARN_UNDECLARED_SELECTOR = YES;
				GCC_WARN_UNINITIALIZED_AUTOS = YES_AGGRESSIVE;
				GCC_WARN_UNUSED_FUNCTION = YES;
				GCC_WARN_UNUSED_VARIABLE = YES;
				IPHONEOS_DEPLOYMENT_TARGET = 17.4;
				LOCALIZATION_PREFERS_STRING_CATALOGS = YES;
				MTL_ENABLE_DEBUG_INFO = INCLUDE_SOURCE;
				MTL_FAST_MATH = YES;
				ONLY_ACTIVE_ARCH = YES;
				SDKROOT = iphoneos;
				SWIFT_ACTIVE_COMPILATION_CONDITIONS = "DEBUG $(inherited)";
				SWIFT_OPTIMIZATION_LEVEL = "-Onone";
			};
			name = Debug;
		};
		EAC2EFE92C6B82D600D9277C /* Release */ = {
			isa = XCBuildConfiguration;
			buildSettings = {
				ALWAYS_SEARCH_USER_PATHS = NO;
				ASSETCATALOG_COMPILER_GENERATE_SWIFT_ASSET_SYMBOL_EXTENSIONS = YES;
				CLANG_ANALYZER_NONNULL = YES;
				CLANG_ANALYZER_NUMBER_OBJECT_CONVERSION = YES_AGGRESSIVE;
				CLANG_CXX_LANGUAGE_STANDARD = "gnu++20";
				CLANG_ENABLE_MODULES = YES;
				CLANG_ENABLE_OBJC_ARC = YES;
				CLANG_ENABLE_OBJC_WEAK = YES;
				CLANG_WARN_BLOCK_CAPTURE_AUTORELEASING = YES;
				CLANG_WARN_BOOL_CONVERSION = YES;
				CLANG_WARN_COMMA = YES;
				CLANG_WARN_CONSTANT_CONVERSION = YES;
				CLANG_WARN_DEPRECATED_OBJC_IMPLEMENTATIONS = YES;
				CLANG_WARN_DIRECT_OBJC_ISA_USAGE = YES_ERROR;
				CLANG_WARN_DOCUMENTATION_COMMENTS = YES;
				CLANG_WARN_EMPTY_BODY = YES;
				CLANG_WARN_ENUM_CONVERSION = YES;
				CLANG_WARN_INFINITE_RECURSION = YES;
				CLANG_WARN_INT_CONVERSION = YES;
				CLANG_WARN_NON_LITERAL_NULL_CONVERSION = YES;
				CLANG_WARN_OBJC_IMPLICIT_RETAIN_SELF = YES;
				CLANG_WARN_OBJC_LITERAL_CONVERSION = YES;
				CLANG_WARN_OBJC_ROOT_CLASS = YES_ERROR;
				CLANG_WARN_QUOTED_INCLUDE_IN_FRAMEWORK_HEADER = YES;
				CLANG_WARN_RANGE_LOOP_ANALYSIS = YES;
				CLANG_WARN_STRICT_PROTOTYPES = YES;
				CLANG_WARN_SUSPICIOUS_MOVE = YES;
				CLANG_WARN_UNGUARDED_AVAILABILITY = YES_AGGRESSIVE;
				CLANG_WARN_UNREACHABLE_CODE = YES;
				CLANG_WARN__DUPLICATE_METHOD_MATCH = YES;
				COPY_PHASE_STRIP = NO;
				DEBUG_INFORMATION_FORMAT = "dwarf-with-dsym";
				ENABLE_NS_ASSERTIONS = NO;
				ENABLE_STRICT_OBJC_MSGSEND = YES;
				ENABLE_USER_SCRIPT_SANDBOXING = YES;
				GCC_C_LANGUAGE_STANDARD = gnu17;
				GCC_NO_COMMON_BLOCKS = YES;
				GCC_WARN_64_TO_32_BIT_CONVERSION = YES;
				GCC_WARN_ABOUT_RETURN_TYPE = YES_ERROR;
				GCC_WARN_UNDECLARED_SELECTOR = YES;
				GCC_WARN_UNINITIALIZED_AUTOS = YES_AGGRESSIVE;
				GCC_WARN_UNUSED_FUNCTION = YES;
				GCC_WARN_UNUSED_VARIABLE = YES;
				IPHONEOS_DEPLOYMENT_TARGET = 17.4;
				LOCALIZATION_PREFERS_STRING_CATALOGS = YES;
				MTL_ENABLE_DEBUG_INFO = NO;
				MTL_FAST_MATH = YES;
				SDKROOT = iphoneos;
				SWIFT_COMPILATION_MODE = wholemodule;
				VALIDATE_PRODUCT = YES;
			};
			name = Release;
		};
		EAC2EFEB2C6B82D600D9277C /* Debug */ = {
			isa = XCBuildConfiguration;
			buildSettings = {
				ASSETCATALOG_COMPILER_APPICON_NAME = AppIcon;
				ASSETCATALOG_COMPILER_GLOBAL_ACCENT_COLOR_NAME = AccentColor;
				CODE_SIGN_STYLE = Automatic;
				CURRENT_PROJECT_VERSION = 1;
				GENERATE_INFOPLIST_FILE = YES;
				INFOPLIST_FILE = CustomXcodeTemplateExample/Info.plist;
				INFOPLIST_KEY_UIApplicationSupportsIndirectInputEvents = YES;
				INFOPLIST_KEY_UILaunchStoryboardName = LaunchScreen;
				INFOPLIST_KEY_UIMainStoryboardFile = Main;
				INFOPLIST_KEY_UISupportedInterfaceOrientations_iPad = "UIInterfaceOrientationPortrait UIInterfaceOrientationPortraitUpsideDown UIInterfaceOrientationLandscapeLeft UIInterfaceOrientationLandscapeRight";
				INFOPLIST_KEY_UISupportedInterfaceOrientations_iPhone = "UIInterfaceOrientationPortrait UIInterfaceOrientationLandscapeLeft UIInterfaceOrientationLandscapeRight";
				LD_RUNPATH_SEARCH_PATHS = (
					"$(inherited)",
					"@executable_path/Frameworks",
				);
				MARKETING_VERSION = 1.0;
				PRODUCT_BUNDLE_IDENTIFIER = "-.CustomXcodeTemplateExample";
				PRODUCT_NAME = "$(TARGET_NAME)";
				SWIFT_EMIT_LOC_STRINGS = YES;
				SWIFT_VERSION = 5.0;
				TARGETED_DEVICE_FAMILY = "1,2";
			};
			name = Debug;
		};
		EAC2EFEC2C6B82D600D9277C /* Release */ = {
			isa = XCBuildConfiguration;
			buildSettings = {
				ASSETCATALOG_COMPILER_APPICON_NAME = AppIcon;
				ASSETCATALOG_COMPILER_GLOBAL_ACCENT_COLOR_NAME = AccentColor;
				CODE_SIGN_STYLE = Automatic;
				CURRENT_PROJECT_VERSION = 1;
				GENERATE_INFOPLIST_FILE = YES;
				INFOPLIST_FILE = CustomXcodeTemplateExample/Info.plist;
				INFOPLIST_KEY_UIApplicationSupportsIndirectInputEvents = YES;
				INFOPLIST_KEY_UILaunchStoryboardName = LaunchScreen;
				INFOPLIST_KEY_UIMainStoryboardFile = Main;
				INFOPLIST_KEY_UISupportedInterfaceOrientations_iPad = "UIInterfaceOrientationPortrait UIInterfaceOrientationPortraitUpsideDown UIInterfaceOrientationLandscapeLeft UIInterfaceOrientationLandscapeRight";
				INFOPLIST_KEY_UISupportedInterfaceOrientations_iPhone = "UIInterfaceOrientationPortrait UIInterfaceOrientationLandscapeLeft UIInterfaceOrientationLandscapeRight";
				LD_RUNPATH_SEARCH_PATHS = (
					"$(inherited)",
					"@executable_path/Frameworks",
				);
				MARKETING_VERSION = 1.0;
				PRODUCT_BUNDLE_IDENTIFIER = "-.CustomXcodeTemplateExample";
				PRODUCT_NAME = "$(TARGET_NAME)";
				SWIFT_EMIT_LOC_STRINGS = YES;
				SWIFT_VERSION = 5.0;
				TARGETED_DEVICE_FAMILY = "1,2";
			};
			name = Release;
		};
/* End XCBuildConfiguration section */

/* Begin XCConfigurationList section */
		EAC2EFD12C6B82D500D9277C /* Build configuration list for PBXProject "CustomXcodeTemplateExample" */ = {
			isa = XCConfigurationList;
			buildConfigurations = (
				EAC2EFE82C6B82D600D9277C /* Debug */,
				EAC2EFE92C6B82D600D9277C /* Release */,
			);
			defaultConfigurationIsVisible = 0;
			defaultConfigurationName = Release;
		};
		EAC2EFEA2C6B82D600D9277C /* Build configuration list for PBXNativeTarget "CustomXcodeTemplateExample" */ = {
			isa = XCConfigurationList;
			buildConfigurations = (
				EAC2EFEB2C6B82D600D9277C /* Debug */,
				EAC2EFEC2C6B82D600D9277C /* Release */,
			);
			defaultConfigurationIsVisible = 0;
			defaultConfigurationName = Release;
		};
/* End XCConfigurationList section */
	};
	rootObject = EAC2EFCE2C6B82D500D9277C /* Project object */;
}
